
Microsoft Visual Studio Solution File, Format Version 12.00
# Visual Studio Version 17
Project("{2150E333-8FDC-42A3-9474-1A3956D46DE8}") = "CMakePredefinedTargets", "CMakePredefinedTargets", "{5C8A9C51-95D7-3BBE-A25E-31581DC534A9}"
EndProject
Project("{2150E333-8FDC-42A3-9474-1A3956D46DE8}") = "GLFW3", "GLFW3", "{E740A07B-414E-3AED-A2AE-117E9DC6A521}"
EndProject
Project("{2150E333-8FDC-42A3-9474-1A3956D46DE8}") = "Examples", "GLFW3\Examples", "{C384C4A7-D8B4-3743-8E6D-AAF9275A2C47}"
EndProject
Project("{2150E333-8FDC-42A3-9474-1A3956D46DE8}") = "Tests", "GLFW3\Tests", "{99C09673-A7A1-3C70-8824-3AAEB1720357}"
EndProject
Project("{8BC9CEB8-8B4A-11D0-8D11-00A0C91BC942}") = "ALL_BUILD", "ALL_BUILD.vcxproj", "{425407FD-F90B-30AF-9B82-97CB1A75697B}"
	ProjectSection(ProjectDependencies) = postProject
		{5070E654-DFFB-3BCF-BFC4-0C2963D0E8A5} = {5070E654-DFFB-3BCF-BFC4-0C2963D0E8A5}
		{0C1E6171-BDE7-3747-BC84-A9552A7E383D} = {0C1E6171-BDE7-3747-BC84-A9552A7E383D}
		{5D0E34EC-7987-3C3C-A79A-950FB1DC91EE} = {5D0E34EC-7987-3C3C-A79A-950FB1DC91EE}
		{B7AE354D-1291-3A06-9D4B-6AE0F95C1C2F} = {B7AE354D-1291-3A06-9D4B-6AE0F95C1C2F}
		{4B1E4D48-E022-35EE-AB79-217AC68CF54B} = {4B1E4D48-E022-35EE-AB79-217AC68CF54B}
		{8B1E6926-A66A-3CF6-AB4E-DC7ED9A34FFD} = {8B1E6926-A66A-3CF6-AB4E-DC7ED9A34FFD}
		{5D499827-4E86-3CC1-98B2-E1E8ABBA4818} = {5D499827-4E86-3CC1-98B2-E1E8ABBA4818}
		{4555A44B-81F6-3B63-9241-AEC3FB7A6C63} = {4555A44B-81F6-3B63-9241-AEC3FB7A6C63}
		{2C29766F-12C4-37DC-A534-3BD85EF69A44} = {2C29766F-12C4-37DC-A534-3BD85EF69A44}
		{4E7A7158-0167-3832-AB38-465D42422CA5} = {4E7A7158-0167-3832-AB38-465D42422CA5}
		{7BFF1B1C-5121-3367-9E9B-9DD3DFE8142B} = {7BFF1B1C-5121-3367-9E9B-9DD3DFE8142B}
		{0EA3C755-934C-393E-91F4-40D674D51EC2} = {0EA3C755-934C-393E-91F4-40D674D51EC2}
		{D5B72859-273C-3CF0-958D-E9E5CC43B213} = {D5B72859-273C-3CF0-958D-E9E5CC43B213}
		{0E622B21-A907-3055-9193-0D28D7389164} = {0E622B21-A907-3055-9193-0D28D7389164}
		{5C90D56E-CA03-3278-B452-1DDD094ED5F6} = {5C90D56E-CA03-3278-B452-1DDD094ED5F6}
		{9A3C1553-2EF5-3EB9-983B-3EBA458AD08E} = {9A3C1553-2EF5-3EB9-983B-3EBA458AD08E}
		{EBA71E04-31C3-3D15-9746-EFF25AD4A63E} = {EBA71E04-31C3-3D15-9746-EFF25AD4A63E}
		{A3080A45-BE83-3F56-87D7-BD813E5C6A00} = {A3080A45-BE83-3F56-87D7-BD813E5C6A00}
		{50F02A87-A5F1-3A1E-AF08-C84B2633B872} = {50F02A87-A5F1-3A1E-AF08-C84B2633B872}
		{C2886087-40F4-3060-B854-AC1445A8D74D} = {C2886087-40F4-3060-B854-AC1445A8D74D}
		{B50812B0-1C1B-37F8-AD91-649F3A9C3221} = {B50812B0-1C1B-37F8-AD91-649F3A9C3221}
		{1FBC0021-52CC-35E5-B4A4-487A808D1727} = {1FBC0021-52CC-35E5-B4A4-487A808D1727}
		{45602C4E-6961-3DD4-8A20-64680BE00D16} = {45602C4E-6961-3DD4-8A20-64680BE00D16}
		{A8EA1B7C-4F8D-355F-86D4-5852430289F4} = {A8EA1B7C-4F8D-355F-86D4-5852430289F4}
		{54EB9144-1205-3806-9C77-A894EC5E9E7B} = {54EB9144-1205-3806-9C77-A894EC5E9E7B}
		{388C87A5-2D70-374F-9FEB-057D021B02D1} = {388C87A5-2D70-374F-9FEB-057D021B02D1}
		{0CB2AD2A-7776-3401-ADEE-C8D30578C3B3} = {0CB2AD2A-7776-3401-ADEE-C8D30578C3B3}
		{7479656C-FDAA-3C38-BB12-2A73A61EB363} = {7479656C-FDAA-3C38-BB12-2A73A61EB363}
		{BBC90FFC-5E4F-312B-AE43-6E7DEBDF4FA4} = {BBC90FFC-5E4F-312B-AE43-6E7DEBDF4FA4}
		{D76F5CC7-BE68-34BD-8DEA-8DD757072F12} = {D76F5CC7-BE68-34BD-8DEA-8DD757072F12}
		{99DF11EF-D38D-3242-A788-357572785282} = {99DF11EF-D38D-3242-A788-357572785282}
	EndProjectSection
EndProject
Project("{8BC9CEB8-8B4A-11D0-8D11-00A0C91BC942}") = "INSTALL", "INSTALL.vcxproj", "{D51E95C7-FDEF-3304-9BF8-83344EB1B037}"
	ProjectSection(ProjectDependencies) = postProject
		{425407FD-F90B-30AF-9B82-97CB1A75697B} = {425407FD-F90B-30AF-9B82-97CB1A75697B}
		{5070E654-DFFB-3BCF-BFC4-0C2963D0E8A5} = {5070E654-DFFB-3BCF-BFC4-0C2963D0E8A5}
	EndProjectSection
EndProject
Project("{8BC9CEB8-8B4A-11D0-8D11-00A0C91BC942}") = "ZERO_CHECK", "ZERO_CHECK.vcxproj", "{5070E654-DFFB-3BCF-BFC4-0C2963D0E8A5}"
	ProjectSection(ProjectDependencies) = postProject
	EndProjectSection
EndProject
Project("{8BC9CEB8-8B4A-11D0-8D11-00A0C91BC942}") = "boing", "examples\boing.vcxproj", "{0C1E6171-BDE7-3747-BC84-A9552A7E383D}"
	ProjectSection(ProjectDependencies) = postProject
		{5070E654-DFFB-3BCF-BFC4-0C2963D0E8A5} = {5070E654-DFFB-3BCF-BFC4-0C2963D0E8A5}
		{2C29766F-12C4-37DC-A534-3BD85EF69A44} = {2C29766F-12C4-37DC-A534-3BD85EF69A44}
	EndProjectSection
EndProject
Project("{8BC9CEB8-8B4A-11D0-8D11-00A0C91BC942}") = "clipboard", "tests\clipboard.vcxproj", "{5D0E34EC-7987-3C3C-A79A-950FB1DC91EE}"
	ProjectSection(ProjectDependencies) = postProject
		{5070E654-DFFB-3BCF-BFC4-0C2963D0E8A5} = {5070E654-DFFB-3BCF-BFC4-0C2963D0E8A5}
		{2C29766F-12C4-37DC-A534-3BD85EF69A44} = {2C29766F-12C4-37DC-A534-3BD85EF69A44}
	EndProjectSection
EndProject
Project("{8BC9CEB8-8B4A-11D0-8D11-00A0C91BC942}") = "cursor", "tests\cursor.vcxproj", "{B7AE354D-1291-3A06-9D4B-6AE0F95C1C2F}"
	ProjectSection(ProjectDependencies) = postProject
		{5070E654-DFFB-3BCF-BFC4-0C2963D0E8A5} = {5070E654-DFFB-3BCF-BFC4-0C2963D0E8A5}
		{2C29766F-12C4-37DC-A534-3BD85EF69A44} = {2C29766F-12C4-37DC-A534-3BD85EF69A44}
	EndProjectSection
EndProject
Project("{8BC9CEB8-8B4A-11D0-8D11-00A0C91BC942}") = "empty", "tests\empty.vcxproj", "{4B1E4D48-E022-35EE-AB79-217AC68CF54B}"
	ProjectSection(ProjectDependencies) = postProject
		{5070E654-DFFB-3BCF-BFC4-0C2963D0E8A5} = {5070E654-DFFB-3BCF-BFC4-0C2963D0E8A5}
		{2C29766F-12C4-37DC-A534-3BD85EF69A44} = {2C29766F-12C4-37DC-A534-3BD85EF69A44}
	EndProjectSection
EndProject
Project("{8BC9CEB8-8B4A-11D0-8D11-00A0C91BC942}") = "events", "tests\events.vcxproj", "{8B1E6926-A66A-3CF6-AB4E-DC7ED9A34FFD}"
	ProjectSection(ProjectDependencies) = postProject
		{5070E654-DFFB-3BCF-BFC4-0C2963D0E8A5} = {5070E654-DFFB-3BCF-BFC4-0C2963D0E8A5}
		{2C29766F-12C4-37DC-A534-3BD85EF69A44} = {2C29766F-12C4-37DC-A534-3BD85EF69A44}
	EndProjectSection
EndProject
Project("{8BC9CEB8-8B4A-11D0-8D11-00A0C91BC942}") = "gamma", "tests\gamma.vcxproj", "{5D499827-4E86-3CC1-98B2-E1E8ABBA4818}"
	ProjectSection(ProjectDependencies) = postProject
		{5070E654-DFFB-3BCF-BFC4-0C2963D0E8A5} = {5070E654-DFFB-3BCF-BFC4-0C2963D0E8A5}
		{2C29766F-12C4-37DC-A534-3BD85EF69A44} = {2C29766F-12C4-37DC-A534-3BD85EF69A44}
	EndProjectSection
EndProject
Project("{8BC9CEB8-8B4A-11D0-8D11-00A0C91BC942}") = "gears", "examples\gears.vcxproj", "{4555A44B-81F6-3B63-9241-AEC3FB7A6C63}"
	ProjectSection(ProjectDependencies) = postProject
		{5070E654-DFFB-3BCF-BFC4-0C2963D0E8A5} = {5070E654-DFFB-3BCF-BFC4-0C2963D0E8A5}
		{2C29766F-12C4-37DC-A534-3BD85EF69A44} = {2C29766F-12C4-37DC-A534-3BD85EF69A44}
	EndProjectSection
EndProject
Project("{8BC9CEB8-8B4A-11D0-8D11-00A0C91BC942}") = "glfw", "src\glfw.vcxproj", "{2C29766F-12C4-37DC-A534-3BD85EF69A44}"
	ProjectSection(ProjectDependencies) = postProject
		{5070E654-DFFB-3BCF-BFC4-0C2963D0E8A5} = {5070E654-DFFB-3BCF-BFC4-0C2963D0E8A5}
	EndProjectSection
EndProject
Project("{8BC9CEB8-8B4A-11D0-8D11-00A0C91BC942}") = "glfwinfo", "tests\glfwinfo.vcxproj", "{4E7A7158-0167-3832-AB38-465D42422CA5}"
	ProjectSection(ProjectDependencies) = postProject
		{5070E654-DFFB-3BCF-BFC4-0C2963D0E8A5} = {5070E654-DFFB-3BCF-BFC4-0C2963D0E8A5}
		{2C29766F-12C4-37DC-A534-3BD85EF69A44} = {2C29766F-12C4-37DC-A534-3BD85EF69A44}
	EndProjectSection
EndProject
Project("{8BC9CEB8-8B4A-11D0-8D11-00A0C91BC942}") = "heightmap", "examples\heightmap.vcxproj", "{7BFF1B1C-5121-3367-9E9B-9DD3DFE8142B}"
	ProjectSection(ProjectDependencies) = postProject
		{5070E654-DFFB-3BCF-BFC4-0C2963D0E8A5} = {5070E654-DFFB-3BCF-BFC4-0C2963D0E8A5}
		{2C29766F-12C4-37DC-A534-3BD85EF69A44} = {2C29766F-12C4-37DC-A534-3BD85EF69A44}
	EndProjectSection
EndProject
Project("{8BC9CEB8-8B4A-11D0-8D11-00A0C91BC942}") = "icon", "tests\icon.vcxproj", "{0EA3C755-934C-393E-91F4-40D674D51EC2}"
	ProjectSection(ProjectDependencies) = postProject
		{5070E654-DFFB-3BCF-BFC4-0C2963D0E8A5} = {5070E654-DFFB-3BCF-BFC4-0C2963D0E8A5}
		{2C29766F-12C4-37DC-A534-3BD85EF69A44} = {2C29766F-12C4-37DC-A534-3BD85EF69A44}
	EndProjectSection
EndProject
Project("{8BC9CEB8-8B4A-11D0-8D11-00A0C91BC942}") = "iconify", "tests\iconify.vcxproj", "{D5B72859-273C-3CF0-958D-E9E5CC43B213}"
	ProjectSection(ProjectDependencies) = postProject
		{5070E654-DFFB-3BCF-BFC4-0C2963D0E8A5} = {5070E654-DFFB-3BCF-BFC4-0C2963D0E8A5}
		{2C29766F-12C4-37DC-A534-3BD85EF69A44} = {2C29766F-12C4-37DC-A534-3BD85EF69A44}
	EndProjectSection
EndProject
Project("{8BC9CEB8-8B4A-11D0-8D11-00A0C91BC942}") = "inputlag", "tests\inputlag.vcxproj", "{0E622B21-A907-3055-9193-0D28D7389164}"
	ProjectSection(ProjectDependencies) = postProject
		{5070E654-DFFB-3BCF-BFC4-0C2963D0E8A5} = {5070E654-DFFB-3BCF-BFC4-0C2963D0E8A5}
		{2C29766F-12C4-37DC-A534-3BD85EF69A44} = {2C29766F-12C4-37DC-A534-3BD85EF69A44}
	EndProjectSection
EndProject
Project("{8BC9CEB8-8B4A-11D0-8D11-00A0C91BC942}") = "joysticks", "tests\joysticks.vcxproj", "{5C90D56E-CA03-3278-B452-1DDD094ED5F6}"
	ProjectSection(ProjectDependencies) = postProject
		{5070E654-DFFB-3BCF-BFC4-0C2963D0E8A5} = {5070E654-DFFB-3BCF-BFC4-0C2963D0E8A5}
		{2C29766F-12C4-37DC-A534-3BD85EF69A44} = {2C29766F-12C4-37DC-A534-3BD85EF69A44}
	EndProjectSection
EndProject
Project("{8BC9CEB8-8B4A-11D0-8D11-00A0C91BC942}") = "monitors", "tests\monitors.vcxproj", "{9A3C1553-2EF5-3EB9-983B-3EBA458AD08E}"
	ProjectSection(ProjectDependencies) = postProject
		{5070E654-DFFB-3BCF-BFC4-0C2963D0E8A5} = {5070E654-DFFB-3BCF-BFC4-0C2963D0E8A5}
		{2C29766F-12C4-37DC-A534-3BD85EF69A44} = {2C29766F-12C4-37DC-A534-3BD85EF69A44}
	EndProjectSection
EndProject
Project("{8BC9CEB8-8B4A-11D0-8D11-00A0C91BC942}") = "msaa", "tests\msaa.vcxproj", "{EBA71E04-31C3-3D15-9746-EFF25AD4A63E}"
	ProjectSection(ProjectDependencies) = postProject
		{5070E654-DFFB-3BCF-BFC4-0C2963D0E8A5} = {5070E654-DFFB-3BCF-BFC4-0C2963D0E8A5}
		{2C29766F-12C4-37DC-A534-3BD85EF69A44} = {2C29766F-12C4-37DC-A534-3BD85EF69A44}
	EndProjectSection
EndProject
Project("{8BC9CEB8-8B4A-11D0-8D11-00A0C91BC942}") = "offscreen", "examples\offscreen.vcxproj", "{A3080A45-BE83-3F56-87D7-BD813E5C6A00}"
	ProjectSection(ProjectDependencies) = postProject
		{5070E654-DFFB-3BCF-BFC4-0C2963D0E8A5} = {5070E654-DFFB-3BCF-BFC4-0C2963D0E8A5}
		{2C29766F-12C4-37DC-A534-3BD85EF69A44} = {2C29766F-12C4-37DC-A534-3BD85EF69A44}
	EndProjectSection
EndProject
Project("{8BC9CEB8-8B4A-11D0-8D11-00A0C91BC942}") = "opacity", "tests\opacity.vcxproj", "{50F02A87-A5F1-3A1E-AF08-C84B2633B872}"
	ProjectSection(ProjectDependencies) = postProject
		{5070E654-DFFB-3BCF-BFC4-0C2963D0E8A5} = {5070E654-DFFB-3BCF-BFC4-0C2963D0E8A5}
		{2C29766F-12C4-37DC-A534-3BD85EF69A44} = {2C29766F-12C4-37DC-A534-3BD85EF69A44}
	EndProjectSection
EndProject
Project("{8BC9CEB8-8B4A-11D0-8D11-00A0C91BC942}") = "particles", "examples\particles.vcxproj", "{C2886087-40F4-3060-B854-AC1445A8D74D}"
	ProjectSection(ProjectDependencies) = postProject
		{5070E654-DFFB-3BCF-BFC4-0C2963D0E8A5} = {5070E654-DFFB-3BCF-BFC4-0C2963D0E8A5}
		{2C29766F-12C4-37DC-A534-3BD85EF69A44} = {2C29766F-12C4-37DC-A534-3BD85EF69A44}
	EndProjectSection
EndProject
Project("{8BC9CEB8-8B4A-11D0-8D11-00A0C91BC942}") = "reopen", "tests\reopen.vcxproj", "{B50812B0-1C1B-37F8-AD91-649F3A9C3221}"
	ProjectSection(ProjectDependencies) = postProject
		{5070E654-DFFB-3BCF-BFC4-0C2963D0E8A5} = {5070E654-DFFB-3BCF-BFC4-0C2963D0E8A5}
		{2C29766F-12C4-37DC-A534-3BD85EF69A44} = {2C29766F-12C4-37DC-A534-3BD85EF69A44}
	EndProjectSection
EndProject
Project("{8BC9CEB8-8B4A-11D0-8D11-00A0C91BC942}") = "sharing", "examples\sharing.vcxproj", "{1FBC0021-52CC-35E5-B4A4-487A808D1727}"
	ProjectSection(ProjectDependencies) = postProject
		{5070E654-DFFB-3BCF-BFC4-0C2963D0E8A5} = {5070E654-DFFB-3BCF-BFC4-0C2963D0E8A5}
		{2C29766F-12C4-37DC-A534-3BD85EF69A44} = {2C29766F-12C4-37DC-A534-3BD85EF69A44}
	EndProjectSection
EndProject
Project("{8BC9CEB8-8B4A-11D0-8D11-00A0C91BC942}") = "simple", "examples\simple.vcxproj", "{45602C4E-6961-3DD4-8A20-64680BE00D16}"
	ProjectSection(ProjectDependencies) = postProject
		{5070E654-DFFB-3BCF-BFC4-0C2963D0E8A5} = {5070E654-DFFB-3BCF-BFC4-0C2963D0E8A5}
		{2C29766F-12C4-37DC-A534-3BD85EF69A44} = {2C29766F-12C4-37DC-A534-3BD85EF69A44}
	EndProjectSection
EndProject
Project("{8BC9CEB8-8B4A-11D0-8D11-00A0C91BC942}") = "splitview", "examples\splitview.vcxproj", "{A8EA1B7C-4F8D-355F-86D4-5852430289F4}"
	ProjectSection(ProjectDependencies) = postProject
		{5070E654-DFFB-3BCF-BFC4-0C2963D0E8A5} = {5070E654-DFFB-3BCF-BFC4-0C2963D0E8A5}
		{2C29766F-12C4-37DC-A534-3BD85EF69A44} = {2C29766F-12C4-37DC-A534-3BD85EF69A44}
	EndProjectSection
EndProject
Project("{8BC9CEB8-8B4A-11D0-8D11-00A0C91BC942}") = "tearing", "tests\tearing.vcxproj", "{54EB9144-1205-3806-9C77-A894EC5E9E7B}"
	ProjectSection(ProjectDependencies) = postProject
		{5070E654-DFFB-3BCF-BFC4-0C2963D0E8A5} = {5070E654-DFFB-3BCF-BFC4-0C2963D0E8A5}
		{2C29766F-12C4-37DC-A534-3BD85EF69A44} = {2C29766F-12C4-37DC-A534-3BD85EF69A44}
	EndProjectSection
EndProject
Project("{8BC9CEB8-8B4A-11D0-8D11-00A0C91BC942}") = "threads", "tests\threads.vcxproj", "{388C87A5-2D70-374F-9FEB-057D021B02D1}"
	ProjectSection(ProjectDependencies) = postProject
		{5070E654-DFFB-3BCF-BFC4-0C2963D0E8A5} = {5070E654-DFFB-3BCF-BFC4-0C2963D0E8A5}
		{2C29766F-12C4-37DC-A534-3BD85EF69A44} = {2C29766F-12C4-37DC-A534-3BD85EF69A44}
	EndProjectSection
EndProject
Project("{8BC9CEB8-8B4A-11D0-8D11-00A0C91BC942}") = "timeout", "tests\timeout.vcxproj", "{0CB2AD2A-7776-3401-ADEE-C8D30578C3B3}"
	ProjectSection(ProjectDependencies) = postProject
		{5070E654-DFFB-3BCF-BFC4-0C2963D0E8A5} = {5070E654-DFFB-3BCF-BFC4-0C2963D0E8A5}
		{2C29766F-12C4-37DC-A534-3BD85EF69A44} = {2C29766F-12C4-37DC-A534-3BD85EF69A44}
	EndProjectSection
EndProject
Project("{8BC9CEB8-8B4A-11D0-8D11-00A0C91BC942}") = "title", "tests\title.vcxproj", "{7479656C-FDAA-3C38-BB12-2A73A61EB363}"
	ProjectSection(ProjectDependencies) = postProject
		{5070E654-DFFB-3BCF-BFC4-0C2963D0E8A5} = {5070E654-DFFB-3BCF-BFC4-0C2963D0E8A5}
		{2C29766F-12C4-37DC-A534-3BD85EF69A44} = {2C29766F-12C4-37DC-A534-3BD85EF69A44}
	EndProjectSection
EndProject
Project("{8BC9CEB8-8B4A-11D0-8D11-00A0C91BC942}") = "triangle-vulkan", "tests\triangle-vulkan.vcxproj", "{BBC90FFC-5E4F-312B-AE43-6E7DEBDF4FA4}"
	ProjectSection(ProjectDependencies) = postProject
		{5070E654-DFFB-3BCF-BFC4-0C2963D0E8A5} = {5070E654-DFFB-3BCF-BFC4-0C2963D0E8A5}
		{2C29766F-12C4-37DC-A534-3BD85EF69A44} = {2C29766F-12C4-37DC-A534-3BD85EF69A44}
	EndProjectSection
EndProject
Project("{8BC9CEB8-8B4A-11D0-8D11-00A0C91BC942}") = "uninstall", "uninstall.vcxproj", "{18625398-27D9-3D12-90C0-FCD51A2D1D7B}"
	ProjectSection(ProjectDependencies) = postProject
		{5070E654-DFFB-3BCF-BFC4-0C2963D0E8A5} = {5070E654-DFFB-3BCF-BFC4-0C2963D0E8A5}
	EndProjectSection
EndProject
Project("{8BC9CEB8-8B4A-11D0-8D11-00A0C91BC942}") = "update_mappings", "src\update_mappings.vcxproj", "{9417A23A-3E62-376E-800E-97D33C4CAB7A}"
	ProjectSection(ProjectDependencies) = postProject
		{5070E654-DFFB-3BCF-BFC4-0C2963D0E8A5} = {5070E654-DFFB-3BCF-BFC4-0C2963D0E8A5}
	EndProjectSection
EndProject
Project("{8BC9CEB8-8B4A-11D0-8D11-00A0C91BC942}") = "wave", "examples\wave.vcxproj", "{D76F5CC7-BE68-34BD-8DEA-8DD757072F12}"
	ProjectSection(ProjectDependencies) = postProject
		{5070E654-DFFB-3BCF-BFC4-0C2963D0E8A5} = {5070E654-DFFB-3BCF-BFC4-0C2963D0E8A5}
		{2C29766F-12C4-37DC-A534-3BD85EF69A44} = {2C29766F-12C4-37DC-A534-3BD85EF69A44}
	EndProjectSection
EndProject
Project("{8BC9CEB8-8B4A-11D0-8D11-00A0C91BC942}") = "windows", "tests\windows.vcxproj", "{99DF11EF-D38D-3242-A788-357572785282}"
	ProjectSection(ProjectDependencies) = postProject
		{5070E654-DFFB-3BCF-BFC4-0C2963D0E8A5} = {5070E654-DFFB-3BCF-BFC4-0C2963D0E8A5}
		{2C29766F-12C4-37DC-A534-3BD85EF69A44} = {2C29766F-12C4-37DC-A534-3BD85EF69A44}
	EndProjectSection
EndProject
Global
	GlobalSection(SolutionConfigurationPlatforms) = preSolution
		Debug|x64 = Debug|x64
		Release|x64 = Release|x64
		MinSizeRel|x64 = MinSizeRel|x64
		RelWithDebInfo|x64 = RelWithDebInfo|x64
	EndGlobalSection
	GlobalSection(ProjectConfigurationPlatforms) = postSolution
		{425407FD-F90B-30AF-9B82-97CB1A75697B}.Debug|x64.ActiveCfg = Debug|x64
		{425407FD-F90B-30AF-9B82-97CB1A75697B}.Debug|x64.Build.0 = Debug|x64
		{425407FD-F90B-30AF-9B82-97CB1A75697B}.Release|x64.ActiveCfg = Release|x64
		{425407FD-F90B-30AF-9B82-97CB1A75697B}.Release|x64.Build.0 = Release|x64
		{425407FD-F90B-30AF-9B82-97CB1A75697B}.MinSizeRel|x64.ActiveCfg = MinSizeRel|x64
		{425407FD-F90B-30AF-9B82-97CB1A75697B}.MinSizeRel|x64.Build.0 = MinSizeRel|x64
		{425407FD-F90B-30AF-9B82-97CB1A75697B}.RelWithDebInfo|x64.ActiveCfg = RelWithDebInfo|x64
		{425407FD-F90B-30AF-9B82-97CB1A75697B}.RelWithDebInfo|x64.Build.0 = RelWithDebInfo|x64
		{D51E95C7-FDEF-3304-9BF8-83344EB1B037}.Debug|x64.ActiveCfg = Debug|x64
		{D51E95C7-FDEF-3304-9BF8-83344EB1B037}.Release|x64.ActiveCfg = Release|x64
		{D51E95C7-FDEF-3304-9BF8-83344EB1B037}.MinSizeRel|x64.ActiveCfg = MinSizeRel|x64
		{D51E95C7-FDEF-3304-9BF8-83344EB1B037}.RelWithDebInfo|x64.ActiveCfg = RelWithDebInfo|x64
		{5070E654-DFFB-3BCF-BFC4-0C2963D0E8A5}.Debug|x64.ActiveCfg = Debug|x64
		{5070E654-DFFB-3BCF-BFC4-0C2963D0E8A5}.Debug|x64.Build.0 = Debug|x64
		{5070E654-DFFB-3BCF-BFC4-0C2963D0E8A5}.Release|x64.ActiveCfg = Release|x64
		{5070E654-DFFB-3BCF-BFC4-0C2963D0E8A5}.Release|x64.Build.0 = Release|x64
		{5070E654-DFFB-3BCF-BFC4-0C2963D0E8A5}.MinSizeRel|x64.ActiveCfg = MinSizeRel|x64
		{5070E654-DFFB-3BCF-BFC4-0C2963D0E8A5}.MinSizeRel|x64.Build.0 = MinSizeRel|x64
		{5070E654-DFFB-3BCF-BFC4-0C2963D0E8A5}.RelWithDebInfo|x64.ActiveCfg = RelWithDebInfo|x64
		{5070E654-DFFB-3BCF-BFC4-0C2963D0E8A5}.RelWithDebInfo|x64.Build.0 = RelWithDebInfo|x64
		{0C1E6171-BDE7-3747-BC84-A9552A7E383D}.Debug|x64.ActiveCfg = Debug|x64
		{0C1E6171-BDE7-3747-BC84-A9552A7E383D}.Debug|x64.Build.0 = Debug|x64
		{0C1E6171-BDE7-3747-BC84-A9552A7E383D}.Release|x64.ActiveCfg = Release|x64
		{0C1E6171-BDE7-3747-BC84-A9552A7E383D}.Release|x64.Build.0 = Release|x64
		{0C1E6171-BDE7-3747-BC84-A9552A7E383D}.MinSizeRel|x64.ActiveCfg = MinSizeRel|x64
		{0C1E6171-BDE7-3747-BC84-A9552A7E383D}.MinSizeRel|x64.Build.0 = MinSizeRel|x64
		{0C1E6171-BDE7-3747-BC84-A9552A7E383D}.RelWithDebInfo|x64.ActiveCfg = RelWithDebInfo|x64
		{0C1E6171-BDE7-3747-BC84-A9552A7E383D}.RelWithDebInfo|x64.Build.0 = RelWithDebInfo|x64
		{5D0E34EC-7987-3C3C-A79A-950FB1DC91EE}.Debug|x64.ActiveCfg = Debug|x64
		{5D0E34EC-7987-3C3C-A79A-950FB1DC91EE}.Debug|x64.Build.0 = Debug|x64
		{5D0E34EC-7987-3C3C-A79A-950FB1DC91EE}.Release|x64.ActiveCfg = Release|x64
		{5D0E34EC-7987-3C3C-A79A-950FB1DC91EE}.Release|x64.Build.0 = Release|x64
		{5D0E34EC-7987-3C3C-A79A-950FB1DC91EE}.MinSizeRel|x64.ActiveCfg = MinSizeRel|x64
		{5D0E34EC-7987-3C3C-A79A-950FB1DC91EE}.MinSizeRel|x64.Build.0 = MinSizeRel|x64
		{5D0E34EC-7987-3C3C-A79A-950FB1DC91EE}.RelWithDebInfo|x64.ActiveCfg = RelWithDebInfo|x64
		{5D0E34EC-7987-3C3C-A79A-950FB1DC91EE}.RelWithDebInfo|x64.Build.0 = RelWithDebInfo|x64
		{B7AE354D-1291-3A06-9D4B-6AE0F95C1C2F}.Debug|x64.ActiveCfg = Debug|x64
		{B7AE354D-1291-3A06-9D4B-6AE0F95C1C2F}.Debug|x64.Build.0 = Debug|x64
		{B7AE354D-1291-3A06-9D4B-6AE0F95C1C2F}.Release|x64.ActiveCfg = Release|x64
		{B7AE354D-1291-3A06-9D4B-6AE0F95C1C2F}.Release|x64.Build.0 = Release|x64
		{B7AE354D-1291-3A06-9D4B-6AE0F95C1C2F}.MinSizeRel|x64.ActiveCfg = MinSizeRel|x64
		{B7AE354D-1291-3A06-9D4B-6AE0F95C1C2F}.MinSizeRel|x64.Build.0 = MinSizeRel|x64
		{B7AE354D-1291-3A06-9D4B-6AE0F95C1C2F}.RelWithDebInfo|x64.ActiveCfg = RelWithDebInfo|x64
		{B7AE354D-1291-3A06-9D4B-6AE0F95C1C2F}.RelWithDebInfo|x64.Build.0 = RelWithDebInfo|x64
		{4B1E4D48-E022-35EE-AB79-217AC68CF54B}.Debug|x64.ActiveCfg = Debug|x64
		{4B1E4D48-E022-35EE-AB79-217AC68CF54B}.Debug|x64.Build.0 = Debug|x64
		{4B1E4D48-E022-35EE-AB79-217AC68CF54B}.Release|x64.ActiveCfg = Release|x64
		{4B1E4D48-E022-35EE-AB79-217AC68CF54B}.Release|x64.Build.0 = Release|x64
		{4B1E4D48-E022-35EE-AB79-217AC68CF54B}.MinSizeRel|x64.ActiveCfg = MinSizeRel|x64
		{4B1E4D48-E022-35EE-AB79-217AC68CF54B}.MinSizeRel|x64.Build.0 = MinSizeRel|x64
		{4B1E4D48-E022-35EE-AB79-217AC68CF54B}.RelWithDebInfo|x64.ActiveCfg = RelWithDebInfo|x64
		{4B1E4D48-E022-35EE-AB79-217AC68CF54B}.RelWithDebInfo|x64.Build.0 = RelWithDebInfo|x64
		{8B1E6926-A66A-3CF6-AB4E-DC7ED9A34FFD}.Debug|x64.ActiveCfg = Debug|x64
		{8B1E6926-A66A-3CF6-AB4E-DC7ED9A34FFD}.Debug|x64.Build.0 = Debug|x64
		{8B1E6926-A66A-3CF6-AB4E-DC7ED9A34FFD}.Release|x64.ActiveCfg = Release|x64
		{8B1E6926-A66A-3CF6-AB4E-DC7ED9A34FFD}.Release|x64.Build.0 = Release|x64
		{8B1E6926-A66A-3CF6-AB4E-DC7ED9A34FFD}.MinSizeRel|x64.ActiveCfg = MinSizeRel|x64
		{8B1E6926-A66A-3CF6-AB4E-DC7ED9A34FFD}.MinSizeRel|x64.Build.0 = MinSizeRel|x64
		{8B1E6926-A66A-3CF6-AB4E-DC7ED9A34FFD}.RelWithDebInfo|x64.ActiveCfg = RelWithDebInfo|x64
		{8B1E6926-A66A-3CF6-AB4E-DC7ED9A34FFD}.RelWithDebInfo|x64.Build.0 = RelWithDebInfo|x64
		{5D499827-4E86-3CC1-98B2-E1E8ABBA4818}.Debug|x64.ActiveCfg = Debug|x64
		{5D499827-4E86-3CC1-98B2-E1E8ABBA4818}.Debug|x64.Build.0 = Debug|x64
		{5D499827-4E86-3CC1-98B2-E1E8ABBA4818}.Release|x64.ActiveCfg = Release|x64
		{5D499827-4E86-3CC1-98B2-E1E8ABBA4818}.Release|x64.Build.0 = Release|x64
		{5D499827-4E86-3CC1-98B2-E1E8ABBA4818}.MinSizeRel|x64.ActiveCfg = MinSizeRel|x64
		{5D499827-4E86-3CC1-98B2-E1E8ABBA4818}.MinSizeRel|x64.Build.0 = MinSizeRel|x64
		{5D499827-4E86-3CC1-98B2-E1E8ABBA4818}.RelWithDebInfo|x64.ActiveCfg = RelWithDebInfo|x64
		{5D499827-4E86-3CC1-98B2-E1E8ABBA4818}.RelWithDebInfo|x64.Build.0 = RelWithDebInfo|x64
		{4555A44B-81F6-3B63-9241-AEC3FB7A6C63}.Debug|x64.ActiveCfg = Debug|x64
		{4555A44B-81F6-3B63-9241-AEC3FB7A6C63}.Debug|x64.Build.0 = Debug|x64
		{4555A44B-81F6-3B63-9241-AEC3FB7A6C63}.Release|x64.ActiveCfg = Release|x64
		{4555A44B-81F6-3B63-9241-AEC3FB7A6C63}.Release|x64.Build.0 = Release|x64
		{4555A44B-81F6-3B63-9241-AEC3FB7A6C63}.MinSizeRel|x64.ActiveCfg = MinSizeRel|x64
		{4555A44B-81F6-3B63-9241-AEC3FB7A6C63}.MinSizeRel|x64.Build.0 = MinSizeRel|x64
		{4555A44B-81F6-3B63-9241-AEC3FB7A6C63}.RelWithDebInfo|x64.ActiveCfg = RelWithDebInfo|x64
		{4555A44B-81F6-3B63-9241-AEC3FB7A6C63}.RelWithDebInfo|x64.Build.0 = RelWithDebInfo|x64
		{2C29766F-12C4-37DC-A534-3BD85EF69A44}.Debug|x64.ActiveCfg = Debug|x64
		{2C29766F-12C4-37DC-A534-3BD85EF69A44}.Debug|x64.Build.0 = Debug|x64
		{2C29766F-12C4-37DC-A534-3BD85EF69A44}.Release|x64.ActiveCfg = Release|x64
		{2C29766F-12C4-37DC-A534-3BD85EF69A44}.Release|x64.Build.0 = Release|x64
		{2C29766F-12C4-37DC-A534-3BD85EF69A44}.MinSizeRel|x64.ActiveCfg = MinSizeRel|x64
		{2C29766F-12C4-37DC-A534-3BD85EF69A44}.MinSizeRel|x64.Build.0 = MinSizeRel|x64
		{2C29766F-12C4-37DC-A534-3BD85EF69A44}.RelWithDebInfo|x64.ActiveCfg = RelWithDebInfo|x64
		{2C29766F-12C4-37DC-A534-3BD85EF69A44}.RelWithDebInfo|x64.Build.0 = RelWithDebInfo|x64
		{4E7A7158-0167-3832-AB38-465D42422CA5}.Debug|x64.ActiveCfg = Debug|x64
		{4E7A7158-0167-3832-AB38-465D42422CA5}.Debug|x64.Build.0 = Debug|x64
		{4E7A7158-0167-3832-AB38-465D42422CA5}.Release|x64.ActiveCfg = Release|x64
		{4E7A7158-0167-3832-AB38-465D42422CA5}.Release|x64.Build.0 = Release|x64
		{4E7A7158-0167-3832-AB38-465D42422CA5}.MinSizeRel|x64.ActiveCfg = MinSizeRel|x64
		{4E7A7158-0167-3832-AB38-465D42422CA5}.MinSizeRel|x64.Build.0 = MinSizeRel|x64
		{4E7A7158-0167-3832-AB38-465D42422CA5}.RelWithDebInfo|x64.ActiveCfg = RelWithDebInfo|x64
		{4E7A7158-0167-3832-AB38-465D42422CA5}.RelWithDebInfo|x64.Build.0 = RelWithDebInfo|x64
		{7BFF1B1C-5121-3367-9E9B-9DD3DFE8142B}.Debug|x64.ActiveCfg = Debug|x64
		{7BFF1B1C-5121-3367-9E9B-9DD3DFE8142B}.Debug|x64.Build.0 = Debug|x64
		{7BFF1B1C-5121-3367-9E9B-9DD3DFE8142B}.Release|x64.ActiveCfg = Release|x64
		{7BFF1B1C-5121-3367-9E9B-9DD3DFE8142B}.Release|x64.Build.0 = Release|x64
		{7BFF1B1C-5121-3367-9E9B-9DD3DFE8142B}.MinSizeRel|x64.ActiveCfg = MinSizeRel|x64
		{7BFF1B1C-5121-3367-9E9B-9DD3DFE8142B}.MinSizeRel|x64.Build.0 = MinSizeRel|x64
		{7BFF1B1C-5121-3367-9E9B-9DD3DFE8142B}.RelWithDebInfo|x64.ActiveCfg = RelWithDebInfo|x64
		{7BFF1B1C-5121-3367-9E9B-9DD3DFE8142B}.RelWithDebInfo|x64.Build.0 = RelWithDebInfo|x64
		{0EA3C755-934C-393E-91F4-40D674D51EC2}.Debug|x64.ActiveCfg = Debug|x64
		{0EA3C755-934C-393E-91F4-40D674D51EC2}.Debug|x64.Build.0 = Debug|x64
		{0EA3C755-934C-393E-91F4-40D674D51EC2}.Release|x64.ActiveCfg = Release|x64
		{0EA3C755-934C-393E-91F4-40D674D51EC2}.Release|x64.Build.0 = Release|x64
		{0EA3C755-934C-393E-91F4-40D674D51EC2}.MinSizeRel|x64.ActiveCfg = MinSizeRel|x64
		{0EA3C755-934C-393E-91F4-40D674D51EC2}.MinSizeRel|x64.Build.0 = MinSizeRel|x64
		{0EA3C755-934C-393E-91F4-40D674D51EC2}.RelWithDebInfo|x64.ActiveCfg = RelWithDebInfo|x64
		{0EA3C755-934C-393E-91F4-40D674D51EC2}.RelWithDebInfo|x64.Build.0 = RelWithDebInfo|x64
		{D5B72859-273C-3CF0-958D-E9E5CC43B213}.Debug|x64.ActiveCfg = Debug|x64
		{D5B72859-273C-3CF0-958D-E9E5CC43B213}.Debug|x64.Build.0 = Debug|x64
		{D5B72859-273C-3CF0-958D-E9E5CC43B213}.Release|x64.ActiveCfg = Release|x64
		{D5B72859-273C-3CF0-958D-E9E5CC43B213}.Release|x64.Build.0 = Release|x64
		{D5B72859-273C-3CF0-958D-E9E5CC43B213}.MinSizeRel|x64.ActiveCfg = MinSizeRel|x64
		{D5B72859-273C-3CF0-958D-E9E5CC43B213}.MinSizeRel|x64.Build.0 = MinSizeRel|x64
		{D5B72859-273C-3CF0-958D-E9E5CC43B213}.RelWithDebInfo|x64.ActiveCfg = RelWithDebInfo|x64
		{D5B72859-273C-3CF0-958D-E9E5CC43B213}.RelWithDebInfo|x64.Build.0 = RelWithDebInfo|x64
		{0E622B21-A907-3055-9193-0D28D7389164}.Debug|x64.ActiveCfg = Debug|x64
		{0E622B21-A907-3055-9193-0D28D7389164}.Debug|x64.Build.0 = Debug|x64
		{0E622B21-A907-3055-9193-0D28D7389164}.Release|x64.ActiveCfg = Release|x64
		{0E622B21-A907-3055-9193-0D28D7389164}.Release|x64.Build.0 = Release|x64
		{0E622B21-A907-3055-9193-0D28D7389164}.MinSizeRel|x64.ActiveCfg = MinSizeRel|x64
		{0E622B21-A907-3055-9193-0D28D7389164}.MinSizeRel|x64.Build.0 = MinSizeRel|x64
		{0E622B21-A907-3055-9193-0D28D7389164}.RelWithDebInfo|x64.ActiveCfg = RelWithDebInfo|x64
		{0E622B21-A907-3055-9193-0D28D7389164}.RelWithDebInfo|x64.Build.0 = RelWithDebInfo|x64
		{5C90D56E-CA03-3278-B452-1DDD094ED5F6}.Debug|x64.ActiveCfg = Debug|x64
		{5C90D56E-CA03-3278-B452-1DDD094ED5F6}.Debug|x64.Build.0 = Debug|x64
		{5C90D56E-CA03-3278-B452-1DDD094ED5F6}.Release|x64.ActiveCfg = Release|x64
		{5C90D56E-CA03-3278-B452-1DDD094ED5F6}.Release|x64.Build.0 = Release|x64
		{5C90D56E-CA03-3278-B452-1DDD094ED5F6}.MinSizeRel|x64.ActiveCfg = MinSizeRel|x64
		{5C90D56E-CA03-3278-B452-1DDD094ED5F6}.MinSizeRel|x64.Build.0 = MinSizeRel|x64
		{5C90D56E-CA03-3278-B452-1DDD094ED5F6}.RelWithDebInfo|x64.ActiveCfg = RelWithDebInfo|x64
		{5C90D56E-CA03-3278-B452-1DDD094ED5F6}.RelWithDebInfo|x64.Build.0 = RelWithDebInfo|x64
		{9A3C1553-2EF5-3EB9-983B-3EBA458AD08E}.Debug|x64.ActiveCfg = Debug|x64
		{9A3C1553-2EF5-3EB9-983B-3EBA458AD08E}.Debug|x64.Build.0 = Debug|x64
		{9A3C1553-2EF5-3EB9-983B-3EBA458AD08E}.Release|x64.ActiveCfg = Release|x64
		{9A3C1553-2EF5-3EB9-983B-3EBA458AD08E}.Release|x64.Build.0 = Release|x64
		{9A3C1553-2EF5-3EB9-983B-3EBA458AD08E}.MinSizeRel|x64.ActiveCfg = MinSizeRel|x64
		{9A3C1553-2EF5-3EB9-983B-3EBA458AD08E}.MinSizeRel|x64.Build.0 = MinSizeRel|x64
		{9A3C1553-2EF5-3EB9-983B-3EBA458AD08E}.RelWithDebInfo|x64.ActiveCfg = RelWithDebInfo|x64
		{9A3C1553-2EF5-3EB9-983B-3EBA458AD08E}.RelWithDebInfo|x64.Build.0 = RelWithDebInfo|x64
		{EBA71E04-31C3-3D15-9746-EFF25AD4A63E}.Debug|x64.ActiveCfg = Debug|x64
		{EBA71E04-31C3-3D15-9746-EFF25AD4A63E}.Debug|x64.Build.0 = Debug|x64
		{EBA71E04-31C3-3D15-9746-EFF25AD4A63E}.Release|x64.ActiveCfg = Release|x64
		{EBA71E04-31C3-3D15-9746-EFF25AD4A63E}.Release|x64.Build.0 = Release|x64
		{EBA71E04-31C3-3D15-9746-EFF25AD4A63E}.MinSizeRel|x64.ActiveCfg = MinSizeRel|x64
		{EBA71E04-31C3-3D15-9746-EFF25AD4A63E}.MinSizeRel|x64.Build.0 = MinSizeRel|x64
		{EBA71E04-31C3-3D15-9746-EFF25AD4A63E}.RelWithDebInfo|x64.ActiveCfg = RelWithDebInfo|x64
		{EBA71E04-31C3-3D15-9746-EFF25AD4A63E}.RelWithDebInfo|x64.Build.0 = RelWithDebInfo|x64
		{A3080A45-BE83-3F56-87D7-BD813E5C6A00}.Debug|x64.ActiveCfg = Debug|x64
		{A3080A45-BE83-3F56-87D7-BD813E5C6A00}.Debug|x64.Build.0 = Debug|x64
		{A3080A45-BE83-3F56-87D7-BD813E5C6A00}.Release|x64.ActiveCfg = Release|x64
		{A3080A45-BE83-3F56-87D7-BD813E5C6A00}.Release|x64.Build.0 = Release|x64
		{A3080A45-BE83-3F56-87D7-BD813E5C6A00}.MinSizeRel|x64.ActiveCfg = MinSizeRel|x64
		{A3080A45-BE83-3F56-87D7-BD813E5C6A00}.MinSizeRel|x64.Build.0 = MinSizeRel|x64
		{A3080A45-BE83-3F56-87D7-BD813E5C6A00}.RelWithDebInfo|x64.ActiveCfg = RelWithDebInfo|x64
		{A3080A45-BE83-3F56-87D7-BD813E5C6A00}.RelWithDebInfo|x64.Build.0 = RelWithDebInfo|x64
		{50F02A87-A5F1-3A1E-AF08-C84B2633B872}.Debug|x64.ActiveCfg = Debug|x64
		{50F02A87-A5F1-3A1E-AF08-C84B2633B872}.Debug|x64.Build.0 = Debug|x64
		{50F02A87-A5F1-3A1E-AF08-C84B2633B872}.Release|x64.ActiveCfg = Release|x64
		{50F02A87-A5F1-3A1E-AF08-C84B2633B872}.Release|x64.Build.0 = Release|x64
		{50F02A87-A5F1-3A1E-AF08-C84B2633B872}.MinSizeRel|x64.ActiveCfg = MinSizeRel|x64
		{50F02A87-A5F1-3A1E-AF08-C84B2633B872}.MinSizeRel|x64.Build.0 = MinSizeRel|x64
		{50F02A87-A5F1-3A1E-AF08-C84B2633B872}.RelWithDebInfo|x64.ActiveCfg = RelWithDebInfo|x64
		{50F02A87-A5F1-3A1E-AF08-C84B2633B872}.RelWithDebInfo|x64.Build.0 = RelWithDebInfo|x64
		{C2886087-40F4-3060-B854-AC1445A8D74D}.Debug|x64.ActiveCfg = Debug|x64
		{C2886087-40F4-3060-B854-AC1445A8D74D}.Debug|x64.Build.0 = Debug|x64
		{C2886087-40F4-3060-B854-AC1445A8D74D}.Release|x64.ActiveCfg = Release|x64
		{C2886087-40F4-3060-B854-AC1445A8D74D}.Release|x64.Build.0 = Release|x64
		{C2886087-40F4-3060-B854-AC1445A8D74D}.MinSizeRel|x64.ActiveCfg = MinSizeRel|x64
		{C2886087-40F4-3060-B854-AC1445A8D74D}.MinSizeRel|x64.Build.0 = MinSizeRel|x64
		{C2886087-40F4-3060-B854-AC1445A8D74D}.RelWithDebInfo|x64.ActiveCfg = RelWithDebInfo|x64
		{C2886087-40F4-3060-B854-AC1445A8D74D}.RelWithDebInfo|x64.Build.0 = RelWithDebInfo|x64
		{B50812B0-1C1B-37F8-AD91-649F3A9C3221}.Debug|x64.ActiveCfg = Debug|x64
		{B50812B0-1C1B-37F8-AD91-649F3A9C3221}.Debug|x64.Build.0 = Debug|x64
		{B50812B0-1C1B-37F8-AD91-649F3A9C3221}.Release|x64.ActiveCfg = Release|x64
		{B50812B0-1C1B-37F8-AD91-649F3A9C3221}.Release|x64.Build.0 = Release|x64
		{B50812B0-1C1B-37F8-AD91-649F3A9C3221}.MinSizeRel|x64.ActiveCfg = MinSizeRel|x64
		{B50812B0-1C1B-37F8-AD91-649F3A9C3221}.MinSizeRel|x64.Build.0 = MinSizeRel|x64
		{B50812B0-1C1B-37F8-AD91-649F3A9C3221}.RelWithDebInfo|x64.ActiveCfg = RelWithDebInfo|x64
		{B50812B0-1C1B-37F8-AD91-649F3A9C3221}.RelWithDebInfo|x64.Build.0 = RelWithDebInfo|x64
		{1FBC0021-52CC-35E5-B4A4-487A808D1727}.Debug|x64.ActiveCfg = Debug|x64
		{1FBC0021-52CC-35E5-B4A4-487A808D1727}.Debug|x64.Build.0 = Debug|x64
		{1FBC0021-52CC-35E5-B4A4-487A808D1727}.Release|x64.ActiveCfg = Release|x64
		{1FBC0021-52CC-35E5-B4A4-487A808D1727}.Release|x64.Build.0 = Release|x64
		{1FBC0021-52CC-35E5-B4A4-487A808D1727}.MinSizeRel|x64.ActiveCfg = MinSizeRel|x64
		{1FBC0021-52CC-35E5-B4A4-487A808D1727}.MinSizeRel|x64.Build.0 = MinSizeRel|x64
		{1FBC0021-52CC-35E5-B4A4-487A808D1727}.RelWithDebInfo|x64.ActiveCfg = RelWithDebInfo|x64
		{1FBC0021-52CC-35E5-B4A4-487A808D1727}.RelWithDebInfo|x64.Build.0 = RelWithDebInfo|x64
		{45602C4E-6961-3DD4-8A20-64680BE00D16}.Debug|x64.ActiveCfg = Debug|x64
		{45602C4E-6961-3DD4-8A20-64680BE00D16}.Debug|x64.Build.0 = Debug|x64
		{45602C4E-6961-3DD4-8A20-64680BE00D16}.Release|x64.ActiveCfg = Release|x64
		{45602C4E-6961-3DD4-8A20-64680BE00D16}.Release|x64.Build.0 = Release|x64
		{45602C4E-6961-3DD4-8A20-64680BE00D16}.MinSizeRel|x64.ActiveCfg = MinSizeRel|x64
		{45602C4E-6961-3DD4-8A20-64680BE00D16}.MinSizeRel|x64.Build.0 = MinSizeRel|x64
		{45602C4E-6961-3DD4-8A20-64680BE00D16}.RelWithDebInfo|x64.ActiveCfg = RelWithDebInfo|x64
		{45602C4E-6961-3DD4-8A20-64680BE00D16}.RelWithDebInfo|x64.Build.0 = RelWithDebInfo|x64
		{A8EA1B7C-4F8D-355F-86D4-5852430289F4}.Debug|x64.ActiveCfg = Debug|x64
		{A8EA1B7C-4F8D-355F-86D4-5852430289F4}.Debug|x64.Build.0 = Debug|x64
		{A8EA1B7C-4F8D-355F-86D4-5852430289F4}.Release|x64.ActiveCfg = Release|x64
		{A8EA1B7C-4F8D-355F-86D4-5852430289F4}.Release|x64.Build.0 = Release|x64
		{A8EA1B7C-4F8D-355F-86D4-5852430289F4}.MinSizeRel|x64.ActiveCfg = MinSizeRel|x64
		{A8EA1B7C-4F8D-355F-86D4-5852430289F4}.MinSizeRel|x64.Build.0 = MinSizeRel|x64
		{A8EA1B7C-4F8D-355F-86D4-5852430289F4}.RelWithDebInfo|x64.ActiveCfg = RelWithDebInfo|x64
		{A8EA1B7C-4F8D-355F-86D4-5852430289F4}.RelWithDebInfo|x64.Build.0 = RelWithDebInfo|x64
		{54EB9144-1205-3806-9C77-A894EC5E9E7B}.Debug|x64.ActiveCfg = Debug|x64
		{54EB9144-1205-3806-9C77-A894EC5E9E7B}.Debug|x64.Build.0 = Debug|x64
		{54EB9144-1205-3806-9C77-A894EC5E9E7B}.Release|x64.ActiveCfg = Release|x64
		{54EB9144-1205-3806-9C77-A894EC5E9E7B}.Release|x64.Build.0 = Release|x64
		{54EB9144-1205-3806-9C77-A894EC5E9E7B}.MinSizeRel|x64.ActiveCfg = MinSizeRel|x64
		{54EB9144-1205-3806-9C77-A894EC5E9E7B}.MinSizeRel|x64.Build.0 = MinSizeRel|x64
		{54EB9144-1205-3806-9C77-A894EC5E9E7B}.RelWithDebInfo|x64.ActiveCfg = RelWithDebInfo|x64
		{54EB9144-1205-3806-9C77-A894EC5E9E7B}.RelWithDebInfo|x64.Build.0 = RelWithDebInfo|x64
		{388C87A5-2D70-374F-9FEB-057D021B02D1}.Debug|x64.ActiveCfg = Debug|x64
		{388C87A5-2D70-374F-9FEB-057D021B02D1}.Debug|x64.Build.0 = Debug|x64
		{388C87A5-2D70-374F-9FEB-057D021B02D1}.Release|x64.ActiveCfg = Release|x64
		{388C87A5-2D70-374F-9FEB-057D021B02D1}.Release|x64.Build.0 = Release|x64
		{388C87A5-2D70-374F-9FEB-057D021B02D1}.MinSizeRel|x64.ActiveCfg = MinSizeRel|x64
		{388C87A5-2D70-374F-9FEB-057D021B02D1}.MinSizeRel|x64.Build.0 = MinSizeRel|x64
		{388C87A5-2D70-374F-9FEB-057D021B02D1}.RelWithDebInfo|x64.ActiveCfg = RelWithDebInfo|x64
		{388C87A5-2D70-374F-9FEB-057D021B02D1}.RelWithDebInfo|x64.Build.0 = RelWithDebInfo|x64
		{0CB2AD2A-7776-3401-ADEE-C8D30578C3B3}.Debug|x64.ActiveCfg = Debug|x64
		{0CB2AD2A-7776-3401-ADEE-C8D30578C3B3}.Debug|x64.Build.0 = Debug|x64
		{0CB2AD2A-7776-3401-ADEE-C8D30578C3B3}.Release|x64.ActiveCfg = Release|x64
		{0CB2AD2A-7776-3401-ADEE-C8D30578C3B3}.Release|x64.Build.0 = Release|x64
		{0CB2AD2A-7776-3401-ADEE-C8D30578C3B3}.MinSizeRel|x64.ActiveCfg = MinSizeRel|x64
		{0CB2AD2A-7776-3401-ADEE-C8D30578C3B3}.MinSizeRel|x64.Build.0 = MinSizeRel|x64
		{0CB2AD2A-7776-3401-ADEE-C8D30578C3B3}.RelWithDebInfo|x64.ActiveCfg = RelWithDebInfo|x64
		{0CB2AD2A-7776-3401-ADEE-C8D30578C3B3}.RelWithDebInfo|x64.Build.0 = RelWithDebInfo|x64
		{7479656C-FDAA-3C38-BB12-2A73A61EB363}.Debug|x64.ActiveCfg = Debug|x64
		{7479656C-FDAA-3C38-BB12-2A73A61EB363}.Debug|x64.Build.0 = Debug|x64
		{7479656C-FDAA-3C38-BB12-2A73A61EB363}.Release|x64.ActiveCfg = Release|x64
		{7479656C-FDAA-3C38-BB12-2A73A61EB363}.Release|x64.Build.0 = Release|x64
		{7479656C-FDAA-3C38-BB12-2A73A61EB363}.MinSizeRel|x64.ActiveCfg = MinSizeRel|x64
		{7479656C-FDAA-3C38-BB12-2A73A61EB363}.MinSizeRel|x64.Build.0 = MinSizeRel|x64
		{7479656C-FDAA-3C38-BB12-2A73A61EB363}.RelWithDebInfo|x64.ActiveCfg = RelWithDebInfo|x64
		{7479656C-FDAA-3C38-BB12-2A73A61EB363}.RelWithDebInfo|x64.Build.0 = RelWithDebInfo|x64
		{BBC90FFC-5E4F-312B-AE43-6E7DEBDF4FA4}.Debug|x64.ActiveCfg = Debug|x64
		{BBC90FFC-5E4F-312B-AE43-6E7DEBDF4FA4}.Debug|x64.Build.0 = Debug|x64
		{BBC90FFC-5E4F-312B-AE43-6E7DEBDF4FA4}.Release|x64.ActiveCfg = Release|x64
		{BBC90FFC-5E4F-312B-AE43-6E7DEBDF4FA4}.Release|x64.Build.0 = Release|x64
		{BBC90FFC-5E4F-312B-AE43-6E7DEBDF4FA4}.MinSizeRel|x64.ActiveCfg = MinSizeRel|x64
		{BBC90FFC-5E4F-312B-AE43-6E7DEBDF4FA4}.MinSizeRel|x64.Build.0 = MinSizeRel|x64
		{BBC90FFC-5E4F-312B-AE43-6E7DEBDF4FA4}.RelWithDebInfo|x64.ActiveCfg = RelWithDebInfo|x64
		{BBC90FFC-5E4F-312B-AE43-6E7DEBDF4FA4}.RelWithDebInfo|x64.Build.0 = RelWithDebInfo|x64
		{18625398-27D9-3D12-90C0-FCD51A2D1D7B}.Debug|x64.ActiveCfg = Debug|x64
		{18625398-27D9-3D12-90C0-FCD51A2D1D7B}.Release|x64.ActiveCfg = Release|x64
		{18625398-27D9-3D12-90C0-FCD51A2D1D7B}.MinSizeRel|x64.ActiveCfg = MinSizeRel|x64
		{18625398-27D9-3D12-90C0-FCD51A2D1D7B}.RelWithDebInfo|x64.ActiveCfg = RelWithDebInfo|x64
		{9417A23A-3E62-376E-800E-97D33C4CAB7A}.Debug|x64.ActiveCfg = Debug|x64
		{9417A23A-3E62-376E-800E-97D33C4CAB7A}.Release|x64.ActiveCfg = Release|x64
		{9417A23A-3E62-376E-800E-97D33C4CAB7A}.MinSizeRel|x64.ActiveCfg = MinSizeRel|x64
		{9417A23A-3E62-376E-800E-97D33C4CAB7A}.RelWithDebInfo|x64.ActiveCfg = RelWithDebInfo|x64
		{D76F5CC7-BE68-34BD-8DEA-8DD757072F12}.Debug|x64.ActiveCfg = Debug|x64
		{D76F5CC7-BE68-34BD-8DEA-8DD757072F12}.Debug|x64.Build.0 = Debug|x64
		{D76F5CC7-BE68-34BD-8DEA-8DD757072F12}.Release|x64.ActiveCfg = Release|x64
		{D76F5CC7-BE68-34BD-8DEA-8DD757072F12}.Release|x64.Build.0 = Release|x64
		{D76F5CC7-BE68-34BD-8DEA-8DD757072F12}.MinSizeRel|x64.ActiveCfg = MinSizeRel|x64
		{D76F5CC7-BE68-34BD-8DEA-8DD757072F12}.MinSizeRel|x64.Build.0 = MinSizeRel|x64
		{D76F5CC7-BE68-34BD-8DEA-8DD757072F12}.RelWithDebInfo|x64.ActiveCfg = RelWithDebInfo|x64
		{D76F5CC7-BE68-34BD-8DEA-8DD757072F12}.RelWithDebInfo|x64.Build.0 = RelWithDebInfo|x64
		{99DF11EF-D38D-3242-A788-357572785282}.Debug|x64.ActiveCfg = Debug|x64
		{99DF11EF-D38D-3242-A788-357572785282}.Debug|x64.Build.0 = Debug|x64
		{99DF11EF-D38D-3242-A788-357572785282}.Release|x64.ActiveCfg = Release|x64
		{99DF11EF-D38D-3242-A788-357572785282}.Release|x64.Build.0 = Release|x64
		{99DF11EF-D38D-3242-A788-357572785282}.MinSizeRel|x64.ActiveCfg = MinSizeRel|x64
		{99DF11EF-D38D-3242-A788-357572785282}.MinSizeRel|x64.Build.0 = MinSizeRel|x64
		{99DF11EF-D38D-3242-A788-357572785282}.RelWithDebInfo|x64.ActiveCfg = RelWithDebInfo|x64
		{99DF11EF-D38D-3242-A788-357572785282}.RelWithDebInfo|x64.Build.0 = RelWithDebInfo|x64
	EndGlobalSection
	GlobalSection(NestedProjects) = preSolution
		{425407FD-F90B-30AF-9B82-97CB1A75697B} = {5C8A9C51-95D7-3BBE-A25E-31581DC534A9}
		{D51E95C7-FDEF-3304-9BF8-83344EB1B037} = {5C8A9C51-95D7-3BBE-A25E-31581DC534A9}
		{5070E654-DFFB-3BCF-BFC4-0C2963D0E8A5} = {5C8A9C51-95D7-3BBE-A25E-31581DC534A9}
		{C384C4A7-D8B4-3743-8E6D-AAF9275A2C47} = {E740A07B-414E-3AED-A2AE-117E9DC6A521}
		{99C09673-A7A1-3C70-8824-3AAEB1720357} = {E740A07B-414E-3AED-A2AE-117E9DC6A521}
		{2C29766F-12C4-37DC-A534-3BD85EF69A44} = {E740A07B-414E-3AED-A2AE-117E9DC6A521}
		{18625398-27D9-3D12-90C0-FCD51A2D1D7B} = {E740A07B-414E-3AED-A2AE-117E9DC6A521}
		{9417A23A-3E62-376E-800E-97D33C4CAB7A} = {E740A07B-414E-3AED-A2AE-117E9DC6A521}
		{0C1E6171-BDE7-3747-BC84-A9552A7E383D} = {C384C4A7-D8B4-3743-8E6D-AAF9275A2C47}
		{4555A44B-81F6-3B63-9241-AEC3FB7A6C63} = {C384C4A7-D8B4-3743-8E6D-AAF9275A2C47}
		{7BFF1B1C-5121-3367-9E9B-9DD3DFE8142B} = {C384C4A7-D8B4-3743-8E6D-AAF9275A2C47}
		{A3080A45-BE83-3F56-87D7-BD813E5C6A00} = {C384C4A7-D8B4-3743-8E6D-AAF9275A2C47}
		{C2886087-40F4-3060-B854-AC1445A8D74D} = {C384C4A7-D8B4-3743-8E6D-AAF9275A2C47}
		{1FBC0021-52CC-35E5-B4A4-487A808D1727} = {C384C4A7-D8B4-3743-8E6D-AAF9275A2C47}
		{45602C4E-6961-3DD4-8A20-64680BE00D16} = {C384C4A7-D8B4-3743-8E6D-AAF9275A2C47}
		{A8EA1B7C-4F8D-355F-86D4-5852430289F4} = {C384C4A7-D8B4-3743-8E6D-AAF9275A2C47}
		{D76F5CC7-BE68-34BD-8DEA-8DD757072F12} = {C384C4A7-D8B4-3743-8E6D-AAF9275A2C47}
		{5D0E34EC-7987-3C3C-A79A-950FB1DC91EE} = {99C09673-A7A1-3C70-8824-3AAEB1720357}
		{B7AE354D-1291-3A06-9D4B-6AE0F95C1C2F} = {99C09673-A7A1-3C70-8824-3AAEB1720357}
		{4B1E4D48-E022-35EE-AB79-217AC68CF54B} = {99C09673-A7A1-3C70-8824-3AAEB1720357}
		{8B1E6926-A66A-3CF6-AB4E-DC7ED9A34FFD} = {99C09673-A7A1-3C70-8824-3AAEB1720357}
		{5D499827-4E86-3CC1-98B2-E1E8ABBA4818} = {99C09673-A7A1-3C70-8824-3AAEB1720357}
		{4E7A7158-0167-3832-AB38-465D42422CA5} = {99C09673-A7A1-3C70-8824-3AAEB1720357}
		{0EA3C755-934C-393E-91F4-40D674D51EC2} = {99C09673-A7A1-3C70-8824-3AAEB1720357}
		{D5B72859-273C-3CF0-958D-E9E5CC43B213} = {99C09673-A7A1-3C70-8824-3AAEB1720357}
		{0E622B21-A907-3055-9193-0D28D7389164} = {99C09673-A7A1-3C70-8824-3AAEB1720357}
		{5C90D56E-CA03-3278-B452-1DDD094ED5F6} = {99C09673-A7A1-3C70-8824-3AAEB1720357}
		{9A3C1553-2EF5-3EB9-983B-3EBA458AD08E} = {99C09673-A7A1-3C70-8824-3AAEB1720357}
		{EBA71E04-31C3-3D15-9746-EFF25AD4A63E} = {99C09673-A7A1-3C70-8824-3AAEB1720357}
		{50F02A87-A5F1-3A1E-AF08-C84B2633B872} = {99C09673-A7A1-3C70-8824-3AAEB1720357}
		{B50812B0-1C1B-37F8-AD91-649F3A9C3221} = {99C09673-A7A1-3C70-8824-3AAEB1720357}
		{54EB9144-1205-3806-9C77-A894EC5E9E7B} = {99C09673-A7A1-3C70-8824-3AAEB1720357}
		{388C87A5-2D70-374F-9FEB-057D021B02D1} = {99C09673-A7A1-3C70-8824-3AAEB1720357}
		{0CB2AD2A-7776-3401-ADEE-C8D30578C3B3} = {99C09673-A7A1-3C70-8824-3AAEB1720357}
		{7479656C-FDAA-3C38-BB12-2A73A61EB363} = {99C09673-A7A1-3C70-8824-3AAEB1720357}
		{BBC90FFC-5E4F-312B-AE43-6E7DEBDF4FA4} = {99C09673-A7A1-3C70-8824-3AAEB1720357}
		{99DF11EF-D38D-3242-A788-357572785282} = {99C09673-A7A1-3C70-8824-3AAEB1720357}
	EndGlobalSection
	GlobalSection(ExtensibilityGlobals) = postSolution
		SolutionGuid = {E4E22740-9507-3C11-96CB-7408BC127F3B}
	EndGlobalSection
	GlobalSection(ExtensibilityAddIns) = postSolution
	EndGlobalSection
EndGlobal
