<?xml version="1.0" encoding="utf-8"?>
<Project ToolsVersion="17.0" xmlns="http://schemas.microsoft.com/developer/msbuild/2003">
  <ItemGroup>
    <CustomBuild Include="D:\Users\User\Desktop\OpenGL\dependencies-raw\glfw-3.3.8-build\CMakeFiles\f7c6c0e3b5768d785943b7ebd77b2807\uninstall.rule">
      <Filter>CMake Rules</Filter>
    </CustomBuild>
    <CustomBuild Include="D:\Users\User\Desktop\OpenGL\dependencies-raw\glfw-3.3.8\CMakeLists.txt" />
  </ItemGroup>
  <ItemGroup>
    <None Include="D:\Users\User\Desktop\OpenGL\dependencies-raw\glfw-3.3.8-build\CMakeFiles\uninstall" />
  </ItemGroup>
  <ItemGroup>
    <Filter Include="CMake Rules">
      <UniqueIdentifier>{3A1A6428-DC0A-3F32-90B1-2625E3BCC540}</UniqueIdentifier>
    </Filter>
  </ItemGroup>
</Project>
