<?xml version="1.0" encoding="utf-8"?>
<Project ToolsVersion="17.0" xmlns="http://schemas.microsoft.com/developer/msbuild/2003">
  <ItemGroup>
    <CustomBuild Include="D:\Users\User\Desktop\OpenGL\dependencies-raw\glfw-3.3.8-build\CMakeFiles\b77919154156ba8ce21bac8ffe5524b6\INSTALL_force.rule">
      <Filter>CMake Rules</Filter>
    </CustomBuild>
  </ItemGroup>
  <ItemGroup>
    <Filter Include="CMake Rules">
      <UniqueIdentifier>{3A1A6428-DC0A-3F32-90B1-2625E3BCC540}</UniqueIdentifier>
    </Filter>
  </ItemGroup>
</Project>
