<?xml version="1.0" encoding="utf-8"?>
<Project ToolsVersion="17.0" xmlns="http://schemas.microsoft.com/developer/msbuild/2003">
  <ItemGroup>
    <ClCompile Include="D:\Users\User\Desktop\OpenGL\dependencies-raw\glfw-3.3.8\tests\clipboard.c">
      <Filter>Source Files</Filter>
    </ClCompile>
    <ClCompile Include="D:\Users\User\Desktop\OpenGL\dependencies-raw\glfw-3.3.8\deps\getopt.c">
      <Filter>Source Files</Filter>
    </ClCompile>
    <ClCompile Include="D:\Users\User\Desktop\OpenGL\dependencies-raw\glfw-3.3.8\deps\glad_gl.c">
      <Filter>Source Files</Filter>
    </ClCompile>
  </ItemGroup>
  <ItemGroup>
    <ClInclude Include="D:\Users\User\Desktop\OpenGL\dependencies-raw\glfw-3.3.8\deps\getopt.h">
      <Filter>Header Files</Filter>
    </ClInclude>
    <ClInclude Include="D:\Users\User\Desktop\OpenGL\dependencies-raw\glfw-3.3.8\deps\glad\gl.h">
      <Filter>Header Files</Filter>
    </ClInclude>
  </ItemGroup>
  <ItemGroup>
    <CustomBuild Include="D:\Users\User\Desktop\OpenGL\dependencies-raw\glfw-3.3.8\tests\CMakeLists.txt" />
  </ItemGroup>
  <ItemGroup>
    <Filter Include="Header Files">
      <UniqueIdentifier>{6AAC1E82-036A-397D-98E3-6A1AC1793AC7}</UniqueIdentifier>
    </Filter>
    <Filter Include="Source Files">
      <UniqueIdentifier>{048BE86B-ADEA-300A-8375-314F08F787B5}</UniqueIdentifier>
    </Filter>
  </ItemGroup>
</Project>
